
Microsoft Visual Studio Solution File, Format Version 12.00
# Visual Studio Version 17
VisualStudioVersion = 17.3.32825.248
MinimumVisualStudioVersion = 10.0.40219.1
Project("{FAE04EC0-301F-11D3-BF4B-00C04F79EFBC}") = "292023inclass", "292023inclass\292023inclass.csproj", "{39338123-66CD-4314-BCE0-7BB71640105B}"
EndProject
Global
	GlobalSection(SolutionConfigurationPlatforms) = preSolution
		Debug|Any CPU = Debug|Any CPU
		Release|Any CPU = Release|Any CPU
	EndGlobalSection
	GlobalSection(ProjectConfigurationPlatforms) = postSolution
		{39338123-66CD-4314-BCE0-7BB71640105B}.Debug|Any CPU.ActiveCfg = Debug|Any CPU
		{39338123-66CD-4314-BCE0-7BB71640105B}.Debug|Any CPU.Build.0 = Debug|Any CPU
		{39338123-66CD-4314-BCE0-7BB71640105B}.Release|Any CPU.ActiveCfg = Release|Any CPU
		{39338123-66CD-4314-BCE0-7BB71640105B}.Release|Any CPU.Build.0 = Release|Any CPU
	EndGlobalSection
	GlobalSection(SolutionProperties) = preSolution
		HideSolutionNode = FALSE
	EndGlobalSection
	GlobalSection(ExtensibilityGlobals) = postSolution
		SolutionGuid = {BD3150C6-3E55-443A-9DAC-F54B6337EB7F}
	EndGlobalSection
EndGlobal
